<Solution>
  <Folder Name="/infra/" />
  <Folder Name="/infra/environments/" />
  <Folder Name="/infra/environments/dev/">
    <File Path="infra\environments\dev\main.tf" />
    <File Path="infra\environments\dev\outputs.tf" />
    <File Path="infra\environments\dev\providers.tf" />
    <File Path="infra\environments\dev\terraform.tf" />
    <File Path="infra\environments\dev\terraform.tfvars" />
    <File Path="infra\environments\dev\terraform.tfvars.example" />
    <File Path="infra\environments\dev\variables.tf" />
  </Folder>
  <Folder Name="/infra/modules/" />
  <Folder Name="/infra/modules/apigateway/">
    <File Path="infra\modules\apigateway\main.tf" />
    <File Path="infra\modules\apigateway\outputs.tf" />
    <File Path="infra\modules\apigateway\variables.tf" />
  </Folder>
  <Folder Name="/infra/modules/dynamodb/">
    <File Path="infra\modules\dynamodb\main.tf" />
    <File Path="infra\modules\dynamodb\outputs.tf" />
    <File Path="infra\modules\dynamodb\variables.tf" />
  </Folder>
  <Folder Name="/infra/modules/ecr/">
    <File Path="infra\modules\ecr\main.tf" />
    <File Path="infra\modules\ecr\outputs.tf" />
    <File Path="infra\modules\ecr\variables.tf" />
  </Folder>
  <Folder Name="/infra/modules/lambda/">
    <File Path="infra\modules\lambda\main.tf" />
    <File Path="infra\modules\lambda\outputs.tf" />
    <File Path="infra\modules\lambda\variables.tf" />
  </Folder>
  <Folder Name="/infra/modules/s3/">
    <File Path="infra\modules\s3\main.tf" />
    <File Path="infra\modules\s3\outputs.tf" />
    <File Path="infra\modules\s3\variables.tf" />
  </Folder>
  <Folder Name="/src/">
    <Project Path="src\MediaIngestionApi.Core\MediaIngestionApi.Core.csproj" />
    <Project Path="src\MediaIngestionApi.Infrastructure\MediaIngestionApi.Infrastructure.csproj" />
    <Project Path="src\MediaIngestionApi.Lambda.UploadImage\MediaIngestionApi.Lambda.UploadImage.csproj" />
  </Folder>
  <Folder Name="/tests/">
    <Project Path="tests\MediaIngestionApi.IntegrationTests\MediaIngestionApi.IntegrationTests.csproj" />
    <Project Path="tests\MediaIngestionApi.UnitTests\MediaIngestionApi.UnitTests.csproj" />
  </Folder>
</Solution>
